
Microsoft Visual Studio Solution File, Format Version 12.00
# Visual Studio 15
VisualStudioVersion = 15.0.27703.2026
MinimumVisualStudioVersion = 10.0.40219.1
Project("{FAE04EC0-301F-11D3-BF4B-00C04F79EFBC}") = "TechPractics2", "TechPractics2\TechPractics2.csproj", "{6F37D7EE-FECB-4A9B-B545-6BB445F5DCA5}"
EndProject
Global
	GlobalSection(SolutionConfigurationPlatforms) = preSolution
		Debug|Any CPU = Debug|Any CPU
		Release|Any CPU = Release|Any CPU
	EndGlobalSection
	GlobalSection(ProjectConfigurationPlatforms) = postSolution
		{6F37D7EE-FECB-4A9B-B545-6BB445F5DCA5}.Debug|Any CPU.ActiveCfg = Debug|Any CPU
		{6F37D7EE-FECB-4A9B-B545-6BB445F5DCA5}.Debug|Any CPU.Build.0 = Debug|Any CPU
		{6F37D7EE-FECB-4A9B-B545-6BB445F5DCA5}.Release|Any CPU.ActiveCfg = Release|Any CPU
		{6F37D7EE-FECB-4A9B-B545-6BB445F5DCA5}.Release|Any CPU.Build.0 = Release|Any CPU
	EndGlobalSection
	GlobalSection(SolutionProperties) = preSolution
		HideSolutionNode = FALSE
	EndGlobalSection
	GlobalSection(ExtensibilityGlobals) = postSolution
		SolutionGuid = {43C8499D-C91A-47EF-8C0F-3F458541CB22}
	EndGlobalSection
EndGlobal
